
Microsoft Visual Studio Solution File, Format Version 12.00
# Visual Studio Version 16
VisualStudioVersion = 16.0.31729.503
MinimumVisualStudioVersion = 10.0.40219.1
Project("{FAE04EC0-301F-11D3-BF4B-00C04F79EFBC}") = "Costinas_Vlad_Lab5", "Costinas_Vlad_Lab5.csproj", "{4A50C19C-171A-4456-AB4C-FCFD285C2F20}"
EndProject
Project("{FAE04EC0-301F-11D3-BF4B-00C04F79EFBC}") = "AutoGeistModel", "AutoGeistModel\AutoGeistModel.csproj", "{DD555E6A-A447-4DA5-B264-B5E303834701}"
EndProject
Global
	GlobalSection(SolutionConfigurationPlatforms) = preSolution
		Debug|Any CPU = Debug|Any CPU
		Release|Any CPU = Release|Any CPU
	EndGlobalSection
	GlobalSection(ProjectConfigurationPlatforms) = postSolution
		{4A50C19C-171A-4456-AB4C-FCFD285C2F20}.Debug|Any CPU.ActiveCfg = Debug|Any CPU
		{4A50C19C-171A-4456-AB4C-FCFD285C2F20}.Debug|Any CPU.Build.0 = Debug|Any CPU
		{4A50C19C-171A-4456-AB4C-FCFD285C2F20}.Release|Any CPU.ActiveCfg = Release|Any CPU
		{4A50C19C-171A-4456-AB4C-FCFD285C2F20}.Release|Any CPU.Build.0 = Release|Any CPU
		{DD555E6A-A447-4DA5-B264-B5E303834701}.Debug|Any CPU.ActiveCfg = Debug|Any CPU
		{DD555E6A-A447-4DA5-B264-B5E303834701}.Debug|Any CPU.Build.0 = Debug|Any CPU
		{DD555E6A-A447-4DA5-B264-B5E303834701}.Release|Any CPU.ActiveCfg = Release|Any CPU
		{DD555E6A-A447-4DA5-B264-B5E303834701}.Release|Any CPU.Build.0 = Release|Any CPU
	EndGlobalSection
	GlobalSection(SolutionProperties) = preSolution
		HideSolutionNode = FALSE
	EndGlobalSection
	GlobalSection(ExtensibilityGlobals) = postSolution
		SolutionGuid = {90EBC8EA-08ED-4FA7-9B2E-C03B9003C42A}
	EndGlobalSection
EndGlobal
